{
  "name": "github-actions-test",
  "version": "1.0.0",
  "lockfileVersion": 3,
  "requires": true,
  "packages": {
    "": {
      "name": "github-actions-test",
      "version": "1.0.0",
      "license": "ISC",
      "dependencies": {
        "user-agents": "1.1.182"
      }
    },
    "node_modules/lodash.clonedeep": {
      "version": "4.5.0",
      "resolved": "https://registry.npmjs.org/lodash.clonedeep/-/lodash.clonedeep-4.5.0.tgz",
      "integrity": "sha512-H5ZhCF25riFd9uB5UCkVKo61m3S/xZk1x4wA6yp/L3RFP6Z/eHH1ymQcGLo7J3GMPfm0V/7m1tryHuGVxpqEBQ=="
    },
    "node_modules/user-agents": {
      "version": "1.1.182",
      "resolved": "https://registry.npmjs.org/user-agents/-/user-agents-1.1.182.tgz",
      "integrity": "sha512-F3bQD0+PJy5V8qObD/J+fUYQxFB4WtRlQv4KwYSl92nNsAIuCzJn3rH34sxeLn1q+ehWhCbE1vkFUUinQQTYog==",
      "dependencies": {
        "lodash.clonedeep": "^4.5.0"
      }
    }
  }
}
